
Microsoft Visual Studio Solution File, Format Version 12.00
# Visual Studio Version 16
VisualStudioVersion = 16.0.31515.178
MinimumVisualStudioVersion = 10.0.40219.1
Project("{FAE04EC0-301F-11D3-BF4B-00C04F79EFBC}") = "ProjectTracker", "ProjectTracker\ProjectTracker.csproj", "{A1B80350-C16C-4E0C-9460-3EC3CB817CF9}"
EndProject
Global
	GlobalSection(SolutionConfigurationPlatforms) = preSolution
		Debug|Any CPU = Debug|Any CPU
		Release|Any CPU = Release|Any CPU
	EndGlobalSection
	GlobalSection(ProjectConfigurationPlatforms) = postSolution
		{A1B80350-C16C-4E0C-9460-3EC3CB817CF9}.Debug|Any CPU.ActiveCfg = Debug|Any CPU
		{A1B80350-C16C-4E0C-9460-3EC3CB817CF9}.Debug|Any CPU.Build.0 = Debug|Any CPU
		{A1B80350-C16C-4E0C-9460-3EC3CB817CF9}.Release|Any CPU.ActiveCfg = Release|Any CPU
		{A1B80350-C16C-4E0C-9460-3EC3CB817CF9}.Release|Any CPU.Build.0 = Release|Any CPU
	EndGlobalSection
	GlobalSection(SolutionProperties) = preSolution
		HideSolutionNode = FALSE
	EndGlobalSection
	GlobalSection(ExtensibilityGlobals) = postSolution
		SolutionGuid = {F9A318E6-C7F3-4330-94C4-B8BF6E5A4ED7}
	EndGlobalSection
EndGlobal
